
Microsoft Visual Studio Solution File, Format Version 12.00
# Visual Studio Version 16
VisualStudioVersion = 16.0.30611.23
MinimumVisualStudioVersion = 10.0.40219.1
Project("{FAE04EC0-301F-11D3-BF4B-00C04F79EFBC}") = "PR7", "PR7.csproj", "{B06066CB-188D-41B6-A3B7-2A946132AB49}"
EndProject
Global
	GlobalSection(SolutionConfigurationPlatforms) = preSolution
		Debug|Any CPU = Debug|Any CPU
		Release|Any CPU = Release|Any CPU
	EndGlobalSection
	GlobalSection(ProjectConfigurationPlatforms) = postSolution
		{B06066CB-188D-41B6-A3B7-2A946132AB49}.Debug|Any CPU.ActiveCfg = Debug|Any CPU
		{B06066CB-188D-41B6-A3B7-2A946132AB49}.Debug|Any CPU.Build.0 = Debug|Any CPU
		{B06066CB-188D-41B6-A3B7-2A946132AB49}.Release|Any CPU.ActiveCfg = Release|Any CPU
		{B06066CB-188D-41B6-A3B7-2A946132AB49}.Release|Any CPU.Build.0 = Release|Any CPU
	EndGlobalSection
	GlobalSection(SolutionProperties) = preSolution
		HideSolutionNode = FALSE
	EndGlobalSection
	GlobalSection(ExtensibilityGlobals) = postSolution
		SolutionGuid = {5A4D1F3F-D268-4358-8390-AC66E5AD4866}
	EndGlobalSection
EndGlobal
