
Microsoft Visual Studio Solution File, Format Version 12.00
# Visual Studio Version 16
VisualStudioVersion = 16.0.30611.23
MinimumVisualStudioVersion = 10.0.40219.1
Project("{FAE04EC0-301F-11D3-BF4B-00C04F79EFBC}") = "PR5", "PR5.csproj", "{2429A9FA-541B-46F0-8D5B-D095EF469926}"
EndProject
Global
	GlobalSection(SolutionConfigurationPlatforms) = preSolution
		Debug|Any CPU = Debug|Any CPU
		Release|Any CPU = Release|Any CPU
	EndGlobalSection
	GlobalSection(ProjectConfigurationPlatforms) = postSolution
		{2429A9FA-541B-46F0-8D5B-D095EF469926}.Debug|Any CPU.ActiveCfg = Debug|Any CPU
		{2429A9FA-541B-46F0-8D5B-D095EF469926}.Debug|Any CPU.Build.0 = Debug|Any CPU
		{2429A9FA-541B-46F0-8D5B-D095EF469926}.Release|Any CPU.ActiveCfg = Release|Any CPU
		{2429A9FA-541B-46F0-8D5B-D095EF469926}.Release|Any CPU.Build.0 = Release|Any CPU
	EndGlobalSection
	GlobalSection(SolutionProperties) = preSolution
		HideSolutionNode = FALSE
	EndGlobalSection
	GlobalSection(ExtensibilityGlobals) = postSolution
		SolutionGuid = {C8AC91B7-DA83-4FB7-A7A0-2B7680914708}
	EndGlobalSection
EndGlobal
